
Microsoft Visual Studio Solution File, Format Version 12.00
# Visual Studio Version 17
VisualStudioVersion = 17.3.32901.215
MinimumVisualStudioVersion = 10.0.40219.1
Project("{8BC9CEB8-8B4A-11D0-8D11-00A0C91BC942}") = "ImageFIlters", "ImageFIlters\ImageFIlters.vcxproj", "{D8898E72-865F-43B9-9FAC-D60D81E98CCF}"
	ProjectSection(ProjectDependencies) = postProject
		{08F43AF9-7E7F-4CF2-BC38-1F4512DB09D5} = {08F43AF9-7E7F-4CF2-BC38-1F4512DB09D5}
	EndProjectSection
EndProject
Project("{8BC9CEB8-8B4A-11D0-8D11-00A0C91BC942}") = "ppm", "ppm\ppm.vcxproj", "{08F43AF9-7E7F-4CF2-BC38-1F4512DB09D5}"
EndProject
Global
	GlobalSection(SolutionConfigurationPlatforms) = preSolution
		Debug|x64 = Debug|x64
		Release|x64 = Release|x64
	EndGlobalSection
	GlobalSection(ProjectConfigurationPlatforms) = postSolution
		{D8898E72-865F-43B9-9FAC-D60D81E98CCF}.Debug|x64.ActiveCfg = Debug|x64
		{D8898E72-865F-43B9-9FAC-D60D81E98CCF}.Debug|x64.Build.0 = Debug|x64
		{D8898E72-865F-43B9-9FAC-D60D81E98CCF}.Release|x64.ActiveCfg = Release|x64
		{D8898E72-865F-43B9-9FAC-D60D81E98CCF}.Release|x64.Build.0 = Release|x64
		{08F43AF9-7E7F-4CF2-BC38-1F4512DB09D5}.Debug|x64.ActiveCfg = Debug|x64
		{08F43AF9-7E7F-4CF2-BC38-1F4512DB09D5}.Debug|x64.Build.0 = Debug|x64
		{08F43AF9-7E7F-4CF2-BC38-1F4512DB09D5}.Release|x64.ActiveCfg = Release|x64
		{08F43AF9-7E7F-4CF2-BC38-1F4512DB09D5}.Release|x64.Build.0 = Release|x64
	EndGlobalSection
	GlobalSection(SolutionProperties) = preSolution
		HideSolutionNode = FALSE
	EndGlobalSection
	GlobalSection(ExtensibilityGlobals) = postSolution
		SolutionGuid = {FDF55AD9-6306-4B56-9F43-994454A6AFDA}
	EndGlobalSection
EndGlobal
